
Microsoft Visual Studio Solution File, Format Version 12.00
# Visual Studio Version 16
VisualStudioVersion = 16.0.30330.147
MinimumVisualStudioVersion = 10.0.40219.1
Project("{8BC9CEB8-8B4A-11D0-8D11-00A0C91BC942}") = "20210908FirstProject", "20210908FirstProject\20210908FirstProject.vcxproj", "{F4BBCA8C-BF7A-49EA-93C3-FFD140E1D16F}"
EndProject
Project("{8BC9CEB8-8B4A-11D0-8D11-00A0C91BC942}") = "20210908BasicConcepts", "20210908BasicConcepts\20210908BasicConcepts.vcxproj", "{26E694B0-A082-401A-AACC-F78BD62B385A}"
EndProject
Project("{8BC9CEB8-8B4A-11D0-8D11-00A0C91BC942}") = "20210908Assembly", "20210908Assembly\20210908Assembly.vcxproj", "{1BDAAA9A-39DB-45BD-84A0-789F6DAAB2D9}"
EndProject
Project("{8BC9CEB8-8B4A-11D0-8D11-00A0C91BC942}") = "20210915Assembly", "20210915Assembly\20210915Assembly.vcxproj", "{DAAEC9A7-4505-4C54-B3BB-F64FD061D76D}"
EndProject
Project("{8BC9CEB8-8B4A-11D0-8D11-00A0C91BC942}") = "20210915FunctionCall", "20210915FunctionCall\20210915FunctionCall.vcxproj", "{151B01CD-BCD3-496D-B398-C031BAF16D85}"
EndProject
Project("{8BC9CEB8-8B4A-11D0-8D11-00A0C91BC942}") = "20190929CallingConvention", "20190929CallingConvention\20190929CallingConvention.vcxproj", "{6B0FC18D-163D-474F-97F5-0671105B5DD1}"
EndProject
Project("{8BC9CEB8-8B4A-11D0-8D11-00A0C91BC942}") = "20210929RecursiveFunction", "20210929RecursiveFunction\20210929RecursiveFunction.vcxproj", "{3D08F54C-CECA-49ED-83B0-5E3B2445AC16}"
EndProject
Project("{8BC9CEB8-8B4A-11D0-8D11-00A0C91BC942}") = "20210929Structure", "20210929Structure\20210929Structure.vcxproj", "{70572A51-8A78-40C9-ACF4-A57C0449E2A2}"
EndProject
Project("{8BC9CEB8-8B4A-11D0-8D11-00A0C91BC942}") = "20210929LinkedList", "20210929LinkedList\20210929LinkedList.vcxproj", "{69796CE5-A855-44C6-9663-85C9592BC941}"
EndProject
Project("{8BC9CEB8-8B4A-11D0-8D11-00A0C91BC942}") = "20211006MultiThread", "20211006MultiThread\20211006MultiThread.vcxproj", "{D521206B-8F5D-4C97-BA1A-1FD6CDE62C71}"
EndProject
Project("{8BC9CEB8-8B4A-11D0-8D11-00A0C91BC942}") = "20211006FunctionPointer", "20211006FunctionPointer\20211006FunctionPointer.vcxproj", "{7064A6FD-4D31-4BA3-B382-AC483F624812}"
EndProject
Project("{8BC9CEB8-8B4A-11D0-8D11-00A0C91BC942}") = "20211027Static", "20211027Static\20211027Static.vcxproj", "{7938EC12-F9E9-44C5-A71F-4EF2B80C4401}"
EndProject
Project("{8BC9CEB8-8B4A-11D0-8D11-00A0C91BC942}") = "20211027MultiThead", "20211027MultiThead\20211027MultiThead.vcxproj", "{006BB599-F0CA-4D1E-97AE-26CB661A777E}"
EndProject
Project("{8BC9CEB8-8B4A-11D0-8D11-00A0C91BC942}") = "20211103Wait", "20211103Wait\20211103Wait.vcxproj", "{C0F3B345-D352-4ACE-B409-3EA0141DA1E5}"
EndProject
Project("{8BC9CEB8-8B4A-11D0-8D11-00A0C91BC942}") = "20211103MultiThreadLinkedList", "20211103MultiThreadLinkedList\20211103MultiThreadLinkedList.vcxproj", "{D8950A0B-D2FB-4E8C-BFFC-279F0F8CBD74}"
EndProject
Project("{8BC9CEB8-8B4A-11D0-8D11-00A0C91BC942}") = "20211110MultiThreadLinkedList", "20211110MultiThreadLinkedList\20211110MultiThreadLinkedList.vcxproj", "{8CBF6640-1DFC-4536-B039-97BB23D7BDD3}"
EndProject
Project("{8BC9CEB8-8B4A-11D0-8D11-00A0C91BC942}") = "20211110CriticalSectionObject", "20211110CriticalSectionObject\20211110CriticalSectionObject.vcxproj", "{ADD64474-503D-44C2-921D-002981943900}"
EndProject
Project("{8BC9CEB8-8B4A-11D0-8D11-00A0C91BC942}") = "20211110Mutex", "20211110Mutex\20211110Mutex.vcxproj", "{29153E50-E7EA-462E-9504-C9FB48AA9F6C}"
EndProject
Project("{8BC9CEB8-8B4A-11D0-8D11-00A0C91BC942}") = "hw2", "hw2\hw2.vcxproj", "{D5FA9460-34CA-49DB-9453-EF95A5C77108}"
EndProject
Project("{8BC9CEB8-8B4A-11D0-8D11-00A0C91BC942}") = "20211117Deadlock", "20211117Deadlock\20211117Deadlock.vcxproj", "{14C6A017-7B40-4B2B-8663-8ECEDF54A4C2}"
EndProject
Project("{8BC9CEB8-8B4A-11D0-8D11-00A0C91BC942}") = "20211117sameThread", "20211117sameThread\20211117sameThread.vcxproj", "{489C7ABF-F282-47DC-9194-92AABDCEC074}"
EndProject
Project("{8BC9CEB8-8B4A-11D0-8D11-00A0C91BC942}") = "20211117Semaphore", "20211117Semaphore\20211117Semaphore.vcxproj", "{A204DE97-7813-4DD0-82CE-E509992EC632}"
EndProject
Project("{8BC9CEB8-8B4A-11D0-8D11-00A0C91BC942}") = "20211117EventObject", "20211117EventObject\20211117EventObject.vcxproj", "{E32E8681-A500-4079-9A0F-C67129D97E01}"
EndProject
Project("{8BC9CEB8-8B4A-11D0-8D11-00A0C91BC942}") = "hw3", "hw3\hw3.vcxproj", "{053A534C-48B2-4A35-992E-9F6AB50ADB39}"
EndProject
Project("{8BC9CEB8-8B4A-11D0-8D11-00A0C91BC942}") = "hw3_2", "hw3_2\hw3_2.vcxproj", "{92BEEA54-4118-4767-BDC2-C8AB497B9571}"
EndProject
Global
	GlobalSection(SolutionConfigurationPlatforms) = preSolution
		Debug|x64 = Debug|x64
		Debug|x86 = Debug|x86
		Release|x64 = Release|x64
		Release|x86 = Release|x86
	EndGlobalSection
	GlobalSection(ProjectConfigurationPlatforms) = postSolution
		{F4BBCA8C-BF7A-49EA-93C3-FFD140E1D16F}.Debug|x64.ActiveCfg = Debug|x64
		{F4BBCA8C-BF7A-49EA-93C3-FFD140E1D16F}.Debug|x64.Build.0 = Debug|x64
		{F4BBCA8C-BF7A-49EA-93C3-FFD140E1D16F}.Debug|x86.ActiveCfg = Debug|Win32
		{F4BBCA8C-BF7A-49EA-93C3-FFD140E1D16F}.Debug|x86.Build.0 = Debug|Win32
		{F4BBCA8C-BF7A-49EA-93C3-FFD140E1D16F}.Release|x64.ActiveCfg = Release|x64
		{F4BBCA8C-BF7A-49EA-93C3-FFD140E1D16F}.Release|x64.Build.0 = Release|x64
		{F4BBCA8C-BF7A-49EA-93C3-FFD140E1D16F}.Release|x86.ActiveCfg = Release|Win32
		{F4BBCA8C-BF7A-49EA-93C3-FFD140E1D16F}.Release|x86.Build.0 = Release|Win32
		{26E694B0-A082-401A-AACC-F78BD62B385A}.Debug|x64.ActiveCfg = Debug|x64
		{26E694B0-A082-401A-AACC-F78BD62B385A}.Debug|x64.Build.0 = Debug|x64
		{26E694B0-A082-401A-AACC-F78BD62B385A}.Debug|x86.ActiveCfg = Debug|Win32
		{26E694B0-A082-401A-AACC-F78BD62B385A}.Debug|x86.Build.0 = Debug|Win32
		{26E694B0-A082-401A-AACC-F78BD62B385A}.Release|x64.ActiveCfg = Release|x64
		{26E694B0-A082-401A-AACC-F78BD62B385A}.Release|x64.Build.0 = Release|x64
		{26E694B0-A082-401A-AACC-F78BD62B385A}.Release|x86.ActiveCfg = Release|Win32
		{26E694B0-A082-401A-AACC-F78BD62B385A}.Release|x86.Build.0 = Release|Win32
		{1BDAAA9A-39DB-45BD-84A0-789F6DAAB2D9}.Debug|x64.ActiveCfg = Debug|x64
		{1BDAAA9A-39DB-45BD-84A0-789F6DAAB2D9}.Debug|x64.Build.0 = Debug|x64
		{1BDAAA9A-39DB-45BD-84A0-789F6DAAB2D9}.Debug|x86.ActiveCfg = Debug|Win32
		{1BDAAA9A-39DB-45BD-84A0-789F6DAAB2D9}.Debug|x86.Build.0 = Debug|Win32
		{1BDAAA9A-39DB-45BD-84A0-789F6DAAB2D9}.Release|x64.ActiveCfg = Release|x64
		{1BDAAA9A-39DB-45BD-84A0-789F6DAAB2D9}.Release|x64.Build.0 = Release|x64
		{1BDAAA9A-39DB-45BD-84A0-789F6DAAB2D9}.Release|x86.ActiveCfg = Release|Win32
		{1BDAAA9A-39DB-45BD-84A0-789F6DAAB2D9}.Release|x86.Build.0 = Release|Win32
		{DAAEC9A7-4505-4C54-B3BB-F64FD061D76D}.Debug|x64.ActiveCfg = Debug|x64
		{DAAEC9A7-4505-4C54-B3BB-F64FD061D76D}.Debug|x64.Build.0 = Debug|x64
		{DAAEC9A7-4505-4C54-B3BB-F64FD061D76D}.Debug|x86.ActiveCfg = Debug|Win32
		{DAAEC9A7-4505-4C54-B3BB-F64FD061D76D}.Debug|x86.Build.0 = Debug|Win32
		{DAAEC9A7-4505-4C54-B3BB-F64FD061D76D}.Release|x64.ActiveCfg = Release|x64
		{DAAEC9A7-4505-4C54-B3BB-F64FD061D76D}.Release|x64.Build.0 = Release|x64
		{DAAEC9A7-4505-4C54-B3BB-F64FD061D76D}.Release|x86.ActiveCfg = Release|Win32
		{DAAEC9A7-4505-4C54-B3BB-F64FD061D76D}.Release|x86.Build.0 = Release|Win32
		{151B01CD-BCD3-496D-B398-C031BAF16D85}.Debug|x64.ActiveCfg = Debug|x64
		{151B01CD-BCD3-496D-B398-C031BAF16D85}.Debug|x64.Build.0 = Debug|x64
		{151B01CD-BCD3-496D-B398-C031BAF16D85}.Debug|x86.ActiveCfg = Debug|Win32
		{151B01CD-BCD3-496D-B398-C031BAF16D85}.Debug|x86.Build.0 = Debug|Win32
		{151B01CD-BCD3-496D-B398-C031BAF16D85}.Release|x64.ActiveCfg = Release|x64
		{151B01CD-BCD3-496D-B398-C031BAF16D85}.Release|x64.Build.0 = Release|x64
		{151B01CD-BCD3-496D-B398-C031BAF16D85}.Release|x86.ActiveCfg = Release|Win32
		{151B01CD-BCD3-496D-B398-C031BAF16D85}.Release|x86.Build.0 = Release|Win32
		{6B0FC18D-163D-474F-97F5-0671105B5DD1}.Debug|x64.ActiveCfg = Debug|x64
		{6B0FC18D-163D-474F-97F5-0671105B5DD1}.Debug|x64.Build.0 = Debug|x64
		{6B0FC18D-163D-474F-97F5-0671105B5DD1}.Debug|x86.ActiveCfg = Debug|Win32
		{6B0FC18D-163D-474F-97F5-0671105B5DD1}.Debug|x86.Build.0 = Debug|Win32
		{6B0FC18D-163D-474F-97F5-0671105B5DD1}.Release|x64.ActiveCfg = Release|x64
		{6B0FC18D-163D-474F-97F5-0671105B5DD1}.Release|x64.Build.0 = Release|x64
		{6B0FC18D-163D-474F-97F5-0671105B5DD1}.Release|x86.ActiveCfg = Release|Win32
		{6B0FC18D-163D-474F-97F5-0671105B5DD1}.Release|x86.Build.0 = Release|Win32
		{3D08F54C-CECA-49ED-83B0-5E3B2445AC16}.Debug|x64.ActiveCfg = Debug|x64
		{3D08F54C-CECA-49ED-83B0-5E3B2445AC16}.Debug|x64.Build.0 = Debug|x64
		{3D08F54C-CECA-49ED-83B0-5E3B2445AC16}.Debug|x86.ActiveCfg = Debug|Win32
		{3D08F54C-CECA-49ED-83B0-5E3B2445AC16}.Debug|x86.Build.0 = Debug|Win32
		{3D08F54C-CECA-49ED-83B0-5E3B2445AC16}.Release|x64.ActiveCfg = Release|x64
		{3D08F54C-CECA-49ED-83B0-5E3B2445AC16}.Release|x64.Build.0 = Release|x64
		{3D08F54C-CECA-49ED-83B0-5E3B2445AC16}.Release|x86.ActiveCfg = Release|Win32
		{3D08F54C-CECA-49ED-83B0-5E3B2445AC16}.Release|x86.Build.0 = Release|Win32
		{70572A51-8A78-40C9-ACF4-A57C0449E2A2}.Debug|x64.ActiveCfg = Debug|x64
		{70572A51-8A78-40C9-ACF4-A57C0449E2A2}.Debug|x64.Build.0 = Debug|x64
		{70572A51-8A78-40C9-ACF4-A57C0449E2A2}.Debug|x86.ActiveCfg = Debug|Win32
		{70572A51-8A78-40C9-ACF4-A57C0449E2A2}.Debug|x86.Build.0 = Debug|Win32
		{70572A51-8A78-40C9-ACF4-A57C0449E2A2}.Release|x64.ActiveCfg = Release|x64
		{70572A51-8A78-40C9-ACF4-A57C0449E2A2}.Release|x64.Build.0 = Release|x64
		{70572A51-8A78-40C9-ACF4-A57C0449E2A2}.Release|x86.ActiveCfg = Release|Win32
		{70572A51-8A78-40C9-ACF4-A57C0449E2A2}.Release|x86.Build.0 = Release|Win32
		{69796CE5-A855-44C6-9663-85C9592BC941}.Debug|x64.ActiveCfg = Debug|x64
		{69796CE5-A855-44C6-9663-85C9592BC941}.Debug|x64.Build.0 = Debug|x64
		{69796CE5-A855-44C6-9663-85C9592BC941}.Debug|x86.ActiveCfg = Debug|Win32
		{69796CE5-A855-44C6-9663-85C9592BC941}.Debug|x86.Build.0 = Debug|Win32
		{69796CE5-A855-44C6-9663-85C9592BC941}.Release|x64.ActiveCfg = Release|x64
		{69796CE5-A855-44C6-9663-85C9592BC941}.Release|x64.Build.0 = Release|x64
		{69796CE5-A855-44C6-9663-85C9592BC941}.Release|x86.ActiveCfg = Release|Win32
		{69796CE5-A855-44C6-9663-85C9592BC941}.Release|x86.Build.0 = Release|Win32
		{D521206B-8F5D-4C97-BA1A-1FD6CDE62C71}.Debug|x64.ActiveCfg = Debug|x64
		{D521206B-8F5D-4C97-BA1A-1FD6CDE62C71}.Debug|x64.Build.0 = Debug|x64
		{D521206B-8F5D-4C97-BA1A-1FD6CDE62C71}.Debug|x86.ActiveCfg = Debug|Win32
		{D521206B-8F5D-4C97-BA1A-1FD6CDE62C71}.Debug|x86.Build.0 = Debug|Win32
		{D521206B-8F5D-4C97-BA1A-1FD6CDE62C71}.Release|x64.ActiveCfg = Release|x64
		{D521206B-8F5D-4C97-BA1A-1FD6CDE62C71}.Release|x64.Build.0 = Release|x64
		{D521206B-8F5D-4C97-BA1A-1FD6CDE62C71}.Release|x86.ActiveCfg = Release|Win32
		{D521206B-8F5D-4C97-BA1A-1FD6CDE62C71}.Release|x86.Build.0 = Release|Win32
		{7064A6FD-4D31-4BA3-B382-AC483F624812}.Debug|x64.ActiveCfg = Debug|x64
		{7064A6FD-4D31-4BA3-B382-AC483F624812}.Debug|x64.Build.0 = Debug|x64
		{7064A6FD-4D31-4BA3-B382-AC483F624812}.Debug|x86.ActiveCfg = Debug|Win32
		{7064A6FD-4D31-4BA3-B382-AC483F624812}.Debug|x86.Build.0 = Debug|Win32
		{7064A6FD-4D31-4BA3-B382-AC483F624812}.Release|x64.ActiveCfg = Release|x64
		{7064A6FD-4D31-4BA3-B382-AC483F624812}.Release|x64.Build.0 = Release|x64
		{7064A6FD-4D31-4BA3-B382-AC483F624812}.Release|x86.ActiveCfg = Release|Win32
		{7064A6FD-4D31-4BA3-B382-AC483F624812}.Release|x86.Build.0 = Release|Win32
		{7938EC12-F9E9-44C5-A71F-4EF2B80C4401}.Debug|x64.ActiveCfg = Debug|x64
		{7938EC12-F9E9-44C5-A71F-4EF2B80C4401}.Debug|x64.Build.0 = Debug|x64
		{7938EC12-F9E9-44C5-A71F-4EF2B80C4401}.Debug|x86.ActiveCfg = Debug|Win32
		{7938EC12-F9E9-44C5-A71F-4EF2B80C4401}.Debug|x86.Build.0 = Debug|Win32
		{7938EC12-F9E9-44C5-A71F-4EF2B80C4401}.Release|x64.ActiveCfg = Release|x64
		{7938EC12-F9E9-44C5-A71F-4EF2B80C4401}.Release|x64.Build.0 = Release|x64
		{7938EC12-F9E9-44C5-A71F-4EF2B80C4401}.Release|x86.ActiveCfg = Release|Win32
		{7938EC12-F9E9-44C5-A71F-4EF2B80C4401}.Release|x86.Build.0 = Release|Win32
		{006BB599-F0CA-4D1E-97AE-26CB661A777E}.Debug|x64.ActiveCfg = Debug|x64
		{006BB599-F0CA-4D1E-97AE-26CB661A777E}.Debug|x64.Build.0 = Debug|x64
		{006BB599-F0CA-4D1E-97AE-26CB661A777E}.Debug|x86.ActiveCfg = Debug|Win32
		{006BB599-F0CA-4D1E-97AE-26CB661A777E}.Debug|x86.Build.0 = Debug|Win32
		{006BB599-F0CA-4D1E-97AE-26CB661A777E}.Release|x64.ActiveCfg = Release|x64
		{006BB599-F0CA-4D1E-97AE-26CB661A777E}.Release|x64.Build.0 = Release|x64
		{006BB599-F0CA-4D1E-97AE-26CB661A777E}.Release|x86.ActiveCfg = Release|Win32
		{006BB599-F0CA-4D1E-97AE-26CB661A777E}.Release|x86.Build.0 = Release|Win32
		{C0F3B345-D352-4ACE-B409-3EA0141DA1E5}.Debug|x64.ActiveCfg = Debug|x64
		{C0F3B345-D352-4ACE-B409-3EA0141DA1E5}.Debug|x64.Build.0 = Debug|x64
		{C0F3B345-D352-4ACE-B409-3EA0141DA1E5}.Debug|x86.ActiveCfg = Debug|Win32
		{C0F3B345-D352-4ACE-B409-3EA0141DA1E5}.Debug|x86.Build.0 = Debug|Win32
		{C0F3B345-D352-4ACE-B409-3EA0141DA1E5}.Release|x64.ActiveCfg = Release|x64
		{C0F3B345-D352-4ACE-B409-3EA0141DA1E5}.Release|x64.Build.0 = Release|x64
		{C0F3B345-D352-4ACE-B409-3EA0141DA1E5}.Release|x86.ActiveCfg = Release|Win32
		{C0F3B345-D352-4ACE-B409-3EA0141DA1E5}.Release|x86.Build.0 = Release|Win32
		{D8950A0B-D2FB-4E8C-BFFC-279F0F8CBD74}.Debug|x64.ActiveCfg = Debug|x64
		{D8950A0B-D2FB-4E8C-BFFC-279F0F8CBD74}.Debug|x64.Build.0 = Debug|x64
		{D8950A0B-D2FB-4E8C-BFFC-279F0F8CBD74}.Debug|x86.ActiveCfg = Debug|Win32
		{D8950A0B-D2FB-4E8C-BFFC-279F0F8CBD74}.Debug|x86.Build.0 = Debug|Win32
		{D8950A0B-D2FB-4E8C-BFFC-279F0F8CBD74}.Release|x64.ActiveCfg = Release|x64
		{D8950A0B-D2FB-4E8C-BFFC-279F0F8CBD74}.Release|x64.Build.0 = Release|x64
		{D8950A0B-D2FB-4E8C-BFFC-279F0F8CBD74}.Release|x86.ActiveCfg = Release|Win32
		{D8950A0B-D2FB-4E8C-BFFC-279F0F8CBD74}.Release|x86.Build.0 = Release|Win32
		{8CBF6640-1DFC-4536-B039-97BB23D7BDD3}.Debug|x64.ActiveCfg = Debug|x64
		{8CBF6640-1DFC-4536-B039-97BB23D7BDD3}.Debug|x64.Build.0 = Debug|x64
		{8CBF6640-1DFC-4536-B039-97BB23D7BDD3}.Debug|x86.ActiveCfg = Debug|Win32
		{8CBF6640-1DFC-4536-B039-97BB23D7BDD3}.Debug|x86.Build.0 = Debug|Win32
		{8CBF6640-1DFC-4536-B039-97BB23D7BDD3}.Release|x64.ActiveCfg = Release|x64
		{8CBF6640-1DFC-4536-B039-97BB23D7BDD3}.Release|x64.Build.0 = Release|x64
		{8CBF6640-1DFC-4536-B039-97BB23D7BDD3}.Release|x86.ActiveCfg = Release|Win32
		{8CBF6640-1DFC-4536-B039-97BB23D7BDD3}.Release|x86.Build.0 = Release|Win32
		{ADD64474-503D-44C2-921D-002981943900}.Debug|x64.ActiveCfg = Debug|x64
		{ADD64474-503D-44C2-921D-002981943900}.Debug|x64.Build.0 = Debug|x64
		{ADD64474-503D-44C2-921D-002981943900}.Debug|x86.ActiveCfg = Debug|Win32
		{ADD64474-503D-44C2-921D-002981943900}.Debug|x86.Build.0 = Debug|Win32
		{ADD64474-503D-44C2-921D-002981943900}.Release|x64.ActiveCfg = Release|x64
		{ADD64474-503D-44C2-921D-002981943900}.Release|x64.Build.0 = Release|x64
		{ADD64474-503D-44C2-921D-002981943900}.Release|x86.ActiveCfg = Release|Win32
		{ADD64474-503D-44C2-921D-002981943900}.Release|x86.Build.0 = Release|Win32
		{29153E50-E7EA-462E-9504-C9FB48AA9F6C}.Debug|x64.ActiveCfg = Debug|x64
		{29153E50-E7EA-462E-9504-C9FB48AA9F6C}.Debug|x64.Build.0 = Debug|x64
		{29153E50-E7EA-462E-9504-C9FB48AA9F6C}.Debug|x86.ActiveCfg = Debug|Win32
		{29153E50-E7EA-462E-9504-C9FB48AA9F6C}.Debug|x86.Build.0 = Debug|Win32
		{29153E50-E7EA-462E-9504-C9FB48AA9F6C}.Release|x64.ActiveCfg = Release|x64
		{29153E50-E7EA-462E-9504-C9FB48AA9F6C}.Release|x64.Build.0 = Release|x64
		{29153E50-E7EA-462E-9504-C9FB48AA9F6C}.Release|x86.ActiveCfg = Release|Win32
		{29153E50-E7EA-462E-9504-C9FB48AA9F6C}.Release|x86.Build.0 = Release|Win32
		{D5FA9460-34CA-49DB-9453-EF95A5C77108}.Debug|x64.ActiveCfg = Debug|x64
		{D5FA9460-34CA-49DB-9453-EF95A5C77108}.Debug|x64.Build.0 = Debug|x64
		{D5FA9460-34CA-49DB-9453-EF95A5C77108}.Debug|x86.ActiveCfg = Debug|Win32
		{D5FA9460-34CA-49DB-9453-EF95A5C77108}.Debug|x86.Build.0 = Debug|Win32
		{D5FA9460-34CA-49DB-9453-EF95A5C77108}.Release|x64.ActiveCfg = Release|x64
		{D5FA9460-34CA-49DB-9453-EF95A5C77108}.Release|x64.Build.0 = Release|x64
		{D5FA9460-34CA-49DB-9453-EF95A5C77108}.Release|x86.ActiveCfg = Release|Win32
		{D5FA9460-34CA-49DB-9453-EF95A5C77108}.Release|x86.Build.0 = Release|Win32
		{14C6A017-7B40-4B2B-8663-8ECEDF54A4C2}.Debug|x64.ActiveCfg = Debug|x64
		{14C6A017-7B40-4B2B-8663-8ECEDF54A4C2}.Debug|x64.Build.0 = Debug|x64
		{14C6A017-7B40-4B2B-8663-8ECEDF54A4C2}.Debug|x86.ActiveCfg = Debug|Win32
		{14C6A017-7B40-4B2B-8663-8ECEDF54A4C2}.Debug|x86.Build.0 = Debug|Win32
		{14C6A017-7B40-4B2B-8663-8ECEDF54A4C2}.Release|x64.ActiveCfg = Release|x64
		{14C6A017-7B40-4B2B-8663-8ECEDF54A4C2}.Release|x64.Build.0 = Release|x64
		{14C6A017-7B40-4B2B-8663-8ECEDF54A4C2}.Release|x86.ActiveCfg = Release|Win32
		{14C6A017-7B40-4B2B-8663-8ECEDF54A4C2}.Release|x86.Build.0 = Release|Win32
		{489C7ABF-F282-47DC-9194-92AABDCEC074}.Debug|x64.ActiveCfg = Debug|x64
		{489C7ABF-F282-47DC-9194-92AABDCEC074}.Debug|x64.Build.0 = Debug|x64
		{489C7ABF-F282-47DC-9194-92AABDCEC074}.Debug|x86.ActiveCfg = Debug|Win32
		{489C7ABF-F282-47DC-9194-92AABDCEC074}.Debug|x86.Build.0 = Debug|Win32
		{489C7ABF-F282-47DC-9194-92AABDCEC074}.Release|x64.ActiveCfg = Release|x64
		{489C7ABF-F282-47DC-9194-92AABDCEC074}.Release|x64.Build.0 = Release|x64
		{489C7ABF-F282-47DC-9194-92AABDCEC074}.Release|x86.ActiveCfg = Release|Win32
		{489C7ABF-F282-47DC-9194-92AABDCEC074}.Release|x86.Build.0 = Release|Win32
		{A204DE97-7813-4DD0-82CE-E509992EC632}.Debug|x64.ActiveCfg = Debug|x64
		{A204DE97-7813-4DD0-82CE-E509992EC632}.Debug|x64.Build.0 = Debug|x64
		{A204DE97-7813-4DD0-82CE-E509992EC632}.Debug|x86.ActiveCfg = Debug|Win32
		{A204DE97-7813-4DD0-82CE-E509992EC632}.Debug|x86.Build.0 = Debug|Win32
		{A204DE97-7813-4DD0-82CE-E509992EC632}.Release|x64.ActiveCfg = Release|x64
		{A204DE97-7813-4DD0-82CE-E509992EC632}.Release|x64.Build.0 = Release|x64
		{A204DE97-7813-4DD0-82CE-E509992EC632}.Release|x86.ActiveCfg = Release|Win32
		{A204DE97-7813-4DD0-82CE-E509992EC632}.Release|x86.Build.0 = Release|Win32
		{E32E8681-A500-4079-9A0F-C67129D97E01}.Debug|x64.ActiveCfg = Debug|x64
		{E32E8681-A500-4079-9A0F-C67129D97E01}.Debug|x64.Build.0 = Debug|x64
		{E32E8681-A500-4079-9A0F-C67129D97E01}.Debug|x86.ActiveCfg = Debug|Win32
		{E32E8681-A500-4079-9A0F-C67129D97E01}.Debug|x86.Build.0 = Debug|Win32
		{E32E8681-A500-4079-9A0F-C67129D97E01}.Release|x64.ActiveCfg = Release|x64
		{E32E8681-A500-4079-9A0F-C67129D97E01}.Release|x64.Build.0 = Release|x64
		{E32E8681-A500-4079-9A0F-C67129D97E01}.Release|x86.ActiveCfg = Release|Win32
		{E32E8681-A500-4079-9A0F-C67129D97E01}.Release|x86.Build.0 = Release|Win32
		{053A534C-48B2-4A35-992E-9F6AB50ADB39}.Debug|x64.ActiveCfg = Debug|x64
		{053A534C-48B2-4A35-992E-9F6AB50ADB39}.Debug|x64.Build.0 = Debug|x64
		{053A534C-48B2-4A35-992E-9F6AB50ADB39}.Debug|x86.ActiveCfg = Debug|Win32
		{053A534C-48B2-4A35-992E-9F6AB50ADB39}.Debug|x86.Build.0 = Debug|Win32
		{053A534C-48B2-4A35-992E-9F6AB50ADB39}.Release|x64.ActiveCfg = Release|x64
		{053A534C-48B2-4A35-992E-9F6AB50ADB39}.Release|x64.Build.0 = Release|x64
		{053A534C-48B2-4A35-992E-9F6AB50ADB39}.Release|x86.ActiveCfg = Release|Win32
		{053A534C-48B2-4A35-992E-9F6AB50ADB39}.Release|x86.Build.0 = Release|Win32
		{92BEEA54-4118-4767-BDC2-C8AB497B9571}.Debug|x64.ActiveCfg = Debug|x64
		{92BEEA54-4118-4767-BDC2-C8AB497B9571}.Debug|x64.Build.0 = Debug|x64
		{92BEEA54-4118-4767-BDC2-C8AB497B9571}.Debug|x86.ActiveCfg = Debug|Win32
		{92BEEA54-4118-4767-BDC2-C8AB497B9571}.Debug|x86.Build.0 = Debug|Win32
		{92BEEA54-4118-4767-BDC2-C8AB497B9571}.Release|x64.ActiveCfg = Release|x64
		{92BEEA54-4118-4767-BDC2-C8AB497B9571}.Release|x64.Build.0 = Release|x64
		{92BEEA54-4118-4767-BDC2-C8AB497B9571}.Release|x86.ActiveCfg = Release|Win32
		{92BEEA54-4118-4767-BDC2-C8AB497B9571}.Release|x86.Build.0 = Release|Win32
	EndGlobalSection
	GlobalSection(SolutionProperties) = preSolution
		HideSolutionNode = FALSE
	EndGlobalSection
	GlobalSection(ExtensibilityGlobals) = postSolution
		SolutionGuid = {453A0B47-08F7-4E3A-A85C-0F28E35BB436}
	EndGlobalSection
EndGlobal
