
Microsoft Visual Studio Solution File, Format Version 12.00
# Visual Studio Version 16
VisualStudioVersion = 16.0.30330.147
MinimumVisualStudioVersion = 10.0.40219.1
Project("{8BC9CEB8-8B4A-11D0-8D11-00A0C91BC942}") = "20210908FirstProject", "20210908FirstProject\20210908FirstProject.vcxproj", "{F4BBCA8C-BF7A-49EA-93C3-FFD140E1D16F}"
EndProject
Project("{8BC9CEB8-8B4A-11D0-8D11-00A0C91BC942}") = "20210908BasicConcepts", "20210908BasicConcepts\20210908BasicConcepts.vcxproj", "{26E694B0-A082-401A-AACC-F78BD62B385A}"
EndProject
Project("{8BC9CEB8-8B4A-11D0-8D11-00A0C91BC942}") = "20210908Assembly", "20210908Assembly\20210908Assembly.vcxproj", "{1BDAAA9A-39DB-45BD-84A0-789F6DAAB2D9}"
EndProject
Project("{8BC9CEB8-8B4A-11D0-8D11-00A0C91BC942}") = "20210915Assembly", "20210915Assembly\20210915Assembly.vcxproj", "{DAAEC9A7-4505-4C54-B3BB-F64FD061D76D}"
EndProject
Project("{8BC9CEB8-8B4A-11D0-8D11-00A0C91BC942}") = "20210915FunctionCall", "20210915FunctionCall\20210915FunctionCall.vcxproj", "{151B01CD-BCD3-496D-B398-C031BAF16D85}"
EndProject
Project("{8BC9CEB8-8B4A-11D0-8D11-00A0C91BC942}") = "20190929CallingConvention", "20190929CallingConvention\20190929CallingConvention.vcxproj", "{6B0FC18D-163D-474F-97F5-0671105B5DD1}"
EndProject
Project("{8BC9CEB8-8B4A-11D0-8D11-00A0C91BC942}") = "20210929RecursiveFunction", "20210929RecursiveFunction\20210929RecursiveFunction.vcxproj", "{3D08F54C-CECA-49ED-83B0-5E3B2445AC16}"
EndProject
Project("{8BC9CEB8-8B4A-11D0-8D11-00A0C91BC942}") = "20210929Structure", "20210929Structure\20210929Structure.vcxproj", "{70572A51-8A78-40C9-ACF4-A57C0449E2A2}"
EndProject
Project("{8BC9CEB8-8B4A-11D0-8D11-00A0C91BC942}") = "20210929LinkedList", "20210929LinkedList\20210929LinkedList.vcxproj", "{69796CE5-A855-44C6-9663-85C9592BC941}"
EndProject
Global
	GlobalSection(SolutionConfigurationPlatforms) = preSolution
		Debug|x64 = Debug|x64
		Debug|x86 = Debug|x86
		Release|x64 = Release|x64
		Release|x86 = Release|x86
	EndGlobalSection
	GlobalSection(ProjectConfigurationPlatforms) = postSolution
		{F4BBCA8C-BF7A-49EA-93C3-FFD140E1D16F}.Debug|x64.ActiveCfg = Debug|x64
		{F4BBCA8C-BF7A-49EA-93C3-FFD140E1D16F}.Debug|x64.Build.0 = Debug|x64
		{F4BBCA8C-BF7A-49EA-93C3-FFD140E1D16F}.Debug|x86.ActiveCfg = Debug|Win32
		{F4BBCA8C-BF7A-49EA-93C3-FFD140E1D16F}.Debug|x86.Build.0 = Debug|Win32
		{F4BBCA8C-BF7A-49EA-93C3-FFD140E1D16F}.Release|x64.ActiveCfg = Release|x64
		{F4BBCA8C-BF7A-49EA-93C3-FFD140E1D16F}.Release|x64.Build.0 = Release|x64
		{F4BBCA8C-BF7A-49EA-93C3-FFD140E1D16F}.Release|x86.ActiveCfg = Release|Win32
		{F4BBCA8C-BF7A-49EA-93C3-FFD140E1D16F}.Release|x86.Build.0 = Release|Win32
		{26E694B0-A082-401A-AACC-F78BD62B385A}.Debug|x64.ActiveCfg = Debug|x64
		{26E694B0-A082-401A-AACC-F78BD62B385A}.Debug|x64.Build.0 = Debug|x64
		{26E694B0-A082-401A-AACC-F78BD62B385A}.Debug|x86.ActiveCfg = Debug|Win32
		{26E694B0-A082-401A-AACC-F78BD62B385A}.Debug|x86.Build.0 = Debug|Win32
		{26E694B0-A082-401A-AACC-F78BD62B385A}.Release|x64.ActiveCfg = Release|x64
		{26E694B0-A082-401A-AACC-F78BD62B385A}.Release|x64.Build.0 = Release|x64
		{26E694B0-A082-401A-AACC-F78BD62B385A}.Release|x86.ActiveCfg = Release|Win32
		{26E694B0-A082-401A-AACC-F78BD62B385A}.Release|x86.Build.0 = Release|Win32
		{1BDAAA9A-39DB-45BD-84A0-789F6DAAB2D9}.Debug|x64.ActiveCfg = Debug|x64
		{1BDAAA9A-39DB-45BD-84A0-789F6DAAB2D9}.Debug|x64.Build.0 = Debug|x64
		{1BDAAA9A-39DB-45BD-84A0-789F6DAAB2D9}.Debug|x86.ActiveCfg = Debug|Win32
		{1BDAAA9A-39DB-45BD-84A0-789F6DAAB2D9}.Debug|x86.Build.0 = Debug|Win32
		{1BDAAA9A-39DB-45BD-84A0-789F6DAAB2D9}.Release|x64.ActiveCfg = Release|x64
		{1BDAAA9A-39DB-45BD-84A0-789F6DAAB2D9}.Release|x64.Build.0 = Release|x64
		{1BDAAA9A-39DB-45BD-84A0-789F6DAAB2D9}.Release|x86.ActiveCfg = Release|Win32
		{1BDAAA9A-39DB-45BD-84A0-789F6DAAB2D9}.Release|x86.Build.0 = Release|Win32
		{DAAEC9A7-4505-4C54-B3BB-F64FD061D76D}.Debug|x64.ActiveCfg = Debug|x64
		{DAAEC9A7-4505-4C54-B3BB-F64FD061D76D}.Debug|x64.Build.0 = Debug|x64
		{DAAEC9A7-4505-4C54-B3BB-F64FD061D76D}.Debug|x86.ActiveCfg = Debug|Win32
		{DAAEC9A7-4505-4C54-B3BB-F64FD061D76D}.Debug|x86.Build.0 = Debug|Win32
		{DAAEC9A7-4505-4C54-B3BB-F64FD061D76D}.Release|x64.ActiveCfg = Release|x64
		{DAAEC9A7-4505-4C54-B3BB-F64FD061D76D}.Release|x64.Build.0 = Release|x64
		{DAAEC9A7-4505-4C54-B3BB-F64FD061D76D}.Release|x86.ActiveCfg = Release|Win32
		{DAAEC9A7-4505-4C54-B3BB-F64FD061D76D}.Release|x86.Build.0 = Release|Win32
		{151B01CD-BCD3-496D-B398-C031BAF16D85}.Debug|x64.ActiveCfg = Debug|x64
		{151B01CD-BCD3-496D-B398-C031BAF16D85}.Debug|x64.Build.0 = Debug|x64
		{151B01CD-BCD3-496D-B398-C031BAF16D85}.Debug|x86.ActiveCfg = Debug|Win32
		{151B01CD-BCD3-496D-B398-C031BAF16D85}.Debug|x86.Build.0 = Debug|Win32
		{151B01CD-BCD3-496D-B398-C031BAF16D85}.Release|x64.ActiveCfg = Release|x64
		{151B01CD-BCD3-496D-B398-C031BAF16D85}.Release|x64.Build.0 = Release|x64
		{151B01CD-BCD3-496D-B398-C031BAF16D85}.Release|x86.ActiveCfg = Release|Win32
		{151B01CD-BCD3-496D-B398-C031BAF16D85}.Release|x86.Build.0 = Release|Win32
		{6B0FC18D-163D-474F-97F5-0671105B5DD1}.Debug|x64.ActiveCfg = Debug|x64
		{6B0FC18D-163D-474F-97F5-0671105B5DD1}.Debug|x64.Build.0 = Debug|x64
		{6B0FC18D-163D-474F-97F5-0671105B5DD1}.Debug|x86.ActiveCfg = Debug|Win32
		{6B0FC18D-163D-474F-97F5-0671105B5DD1}.Debug|x86.Build.0 = Debug|Win32
		{6B0FC18D-163D-474F-97F5-0671105B5DD1}.Release|x64.ActiveCfg = Release|x64
		{6B0FC18D-163D-474F-97F5-0671105B5DD1}.Release|x64.Build.0 = Release|x64
		{6B0FC18D-163D-474F-97F5-0671105B5DD1}.Release|x86.ActiveCfg = Release|Win32
		{6B0FC18D-163D-474F-97F5-0671105B5DD1}.Release|x86.Build.0 = Release|Win32
		{3D08F54C-CECA-49ED-83B0-5E3B2445AC16}.Debug|x64.ActiveCfg = Debug|x64
		{3D08F54C-CECA-49ED-83B0-5E3B2445AC16}.Debug|x64.Build.0 = Debug|x64
		{3D08F54C-CECA-49ED-83B0-5E3B2445AC16}.Debug|x86.ActiveCfg = Debug|Win32
		{3D08F54C-CECA-49ED-83B0-5E3B2445AC16}.Debug|x86.Build.0 = Debug|Win32
		{3D08F54C-CECA-49ED-83B0-5E3B2445AC16}.Release|x64.ActiveCfg = Release|x64
		{3D08F54C-CECA-49ED-83B0-5E3B2445AC16}.Release|x64.Build.0 = Release|x64
		{3D08F54C-CECA-49ED-83B0-5E3B2445AC16}.Release|x86.ActiveCfg = Release|Win32
		{3D08F54C-CECA-49ED-83B0-5E3B2445AC16}.Release|x86.Build.0 = Release|Win32
		{70572A51-8A78-40C9-ACF4-A57C0449E2A2}.Debug|x64.ActiveCfg = Debug|x64
		{70572A51-8A78-40C9-ACF4-A57C0449E2A2}.Debug|x64.Build.0 = Debug|x64
		{70572A51-8A78-40C9-ACF4-A57C0449E2A2}.Debug|x86.ActiveCfg = Debug|Win32
		{70572A51-8A78-40C9-ACF4-A57C0449E2A2}.Debug|x86.Build.0 = Debug|Win32
		{70572A51-8A78-40C9-ACF4-A57C0449E2A2}.Release|x64.ActiveCfg = Release|x64
		{70572A51-8A78-40C9-ACF4-A57C0449E2A2}.Release|x64.Build.0 = Release|x64
		{70572A51-8A78-40C9-ACF4-A57C0449E2A2}.Release|x86.ActiveCfg = Release|Win32
		{70572A51-8A78-40C9-ACF4-A57C0449E2A2}.Release|x86.Build.0 = Release|Win32
		{69796CE5-A855-44C6-9663-85C9592BC941}.Debug|x64.ActiveCfg = Debug|x64
		{69796CE5-A855-44C6-9663-85C9592BC941}.Debug|x64.Build.0 = Debug|x64
		{69796CE5-A855-44C6-9663-85C9592BC941}.Debug|x86.ActiveCfg = Debug|Win32
		{69796CE5-A855-44C6-9663-85C9592BC941}.Debug|x86.Build.0 = Debug|Win32
		{69796CE5-A855-44C6-9663-85C9592BC941}.Release|x64.ActiveCfg = Release|x64
		{69796CE5-A855-44C6-9663-85C9592BC941}.Release|x64.Build.0 = Release|x64
		{69796CE5-A855-44C6-9663-85C9592BC941}.Release|x86.ActiveCfg = Release|Win32
		{69796CE5-A855-44C6-9663-85C9592BC941}.Release|x86.Build.0 = Release|Win32
	EndGlobalSection
	GlobalSection(SolutionProperties) = preSolution
		HideSolutionNode = FALSE
	EndGlobalSection
	GlobalSection(ExtensibilityGlobals) = postSolution
		SolutionGuid = {453A0B47-08F7-4E3A-A85C-0F28E35BB436}
	EndGlobalSection
EndGlobal
